{
  "version": 4,
  "terraform_version": "1.3.5",
  "serial": 45,
  "lineage": "dd11e361-8c86-8eb5-391e-61490a76585a",
  "outputs": {},
  "resources": [
    {
      "mode": "managed",
      "type": "libvirt_domain",
      "name": "mysql1",
      "provider": "provider[\"registry.terraform.io/dmacvicar/libvirt\"]",
      "instances": [
        {
          "schema_version": 0,
          "attributes": {
            "arch": "x86_64",
            "autostart": false,
            "boot_device": [],
            "cloudinit": null,
            "cmdline": null,
            "console": [
              {
                "source_host": "127.0.0.1",
                "source_path": "",
                "source_service": "0",
                "target_port": "0",
                "target_type": "serial",
                "type": "pty"
              },
              {
                "source_host": "127.0.0.1",
                "source_path": "",
                "source_service": "0",
                "target_port": "1",
                "target_type": "virtio",
                "type": "pty"
              }
            ],
            "coreos_ignition": null,
            "cpu": [
              {
                "mode": "custom"
              }
            ],
            "description": "",
            "disk": [
              {
                "block_device": "",
                "file": "",
                "scsi": false,
                "url": "",
                "volume_id": "/data/kvm/dev/mysql1.qcow2",
                "wwn": ""
              }
            ],
            "emulator": "/usr/bin/qemu-system-x86_64",
            "filesystem": [],
            "firmware": null,
            "fw_cfg_name": "opt/com.coreos/config",
            "graphics": [
              {
                "autoport": true,
                "listen_address": "127.0.0.1",
                "listen_type": "address",
                "type": "spice",
                "websocket": 0
              }
            ],
            "id": "700ab090-2d76-4e38-8341-51966024e551",
            "initrd": "",
            "kernel": "",
            "machine": "pc",
            "memory": 2048,
            "metadata": null,
            "name": "mysql1",
            "network_interface": [
              {
                "addresses": [],
                "bridge": "",
                "hostname": "",
                "mac": "52:54:00:E2:86:02",
                "macvtap": "",
                "network_id": "439f25cc-247a-4284-bff2-5ef5b67cbcbf",
                "network_name": "dev",
                "passthrough": "",
                "vepa": "",
                "wait_for_lease": false
              }
            ],
            "nvram": [],
            "qemu_agent": false,
            "running": true,
            "timeouts": null,
            "tpm": [],
            "vcpu": 2,
            "video": [],
            "xml": []
          },
          "sensitive_attributes": [],
          "private": "eyJlMmJmYjczMC1lY2FhLTExZTYtOGY4OC0zNDM2M2JjN2M0YzAiOnsiY3JlYXRlIjozMDAwMDAwMDAwMDB9fQ==",
          "dependencies": [
            "libvirt_network.dev",
            "libvirt_pool.dev-ssd",
            "libvirt_volume.mysql1"
          ]
        }
      ]
    },
    {
      "mode": "managed",
      "type": "libvirt_domain",
      "name": "mysql2",
      "provider": "provider[\"registry.terraform.io/dmacvicar/libvirt\"]",
      "instances": [
        {
          "schema_version": 0,
          "attributes": {
            "arch": "x86_64",
            "autostart": false,
            "boot_device": [],
            "cloudinit": null,
            "cmdline": null,
            "console": [
              {
                "source_host": "127.0.0.1",
                "source_path": "",
                "source_service": "0",
                "target_port": "0",
                "target_type": "serial",
                "type": "pty"
              },
              {
                "source_host": "127.0.0.1",
                "source_path": "",
                "source_service": "0",
                "target_port": "1",
                "target_type": "virtio",
                "type": "pty"
              }
            ],
            "coreos_ignition": null,
            "cpu": [
              {
                "mode": "custom"
              }
            ],
            "description": "",
            "disk": [
              {
                "block_device": "",
                "file": "",
                "scsi": false,
                "url": "",
                "volume_id": "/data/kvm/dev/mysql2.qcow2",
                "wwn": ""
              }
            ],
            "emulator": "/usr/bin/qemu-system-x86_64",
            "filesystem": [],
            "firmware": null,
            "fw_cfg_name": "opt/com.coreos/config",
            "graphics": [
              {
                "autoport": true,
                "listen_address": "127.0.0.1",
                "listen_type": "address",
                "type": "spice",
                "websocket": 0
              }
            ],
            "id": "5d20df22-12c8-49fc-9e65-ce05ab3a659e",
            "initrd": "",
            "kernel": "",
            "machine": "pc",
            "memory": 2048,
            "metadata": null,
            "name": "mysql2",
            "network_interface": [
              {
                "addresses": [],
                "bridge": "",
                "hostname": "",
                "mac": "52:54:00:02:B0:3C",
                "macvtap": "",
                "network_id": "439f25cc-247a-4284-bff2-5ef5b67cbcbf",
                "network_name": "dev",
                "passthrough": "",
                "vepa": "",
                "wait_for_lease": false
              }
            ],
            "nvram": [],
            "qemu_agent": false,
            "running": true,
            "timeouts": null,
            "tpm": [],
            "vcpu": 2,
            "video": [],
            "xml": []
          },
          "sensitive_attributes": [],
          "private": "eyJlMmJmYjczMC1lY2FhLTExZTYtOGY4OC0zNDM2M2JjN2M0YzAiOnsiY3JlYXRlIjozMDAwMDAwMDAwMDB9fQ==",
          "dependencies": [
            "libvirt_network.dev",
            "libvirt_pool.dev-ssd",
            "libvirt_volume.mysql2"
          ]
        }
      ]
    },
    {
      "mode": "managed",
      "type": "libvirt_domain",
      "name": "mysql3",
      "provider": "provider[\"registry.terraform.io/dmacvicar/libvirt\"]",
      "instances": [
        {
          "schema_version": 0,
          "attributes": {
            "arch": "x86_64",
            "autostart": false,
            "boot_device": [],
            "cloudinit": null,
            "cmdline": null,
            "console": [
              {
                "source_host": "127.0.0.1",
                "source_path": "",
                "source_service": "0",
                "target_port": "0",
                "target_type": "serial",
                "type": "pty"
              },
              {
                "source_host": "127.0.0.1",
                "source_path": "",
                "source_service": "0",
                "target_port": "1",
                "target_type": "virtio",
                "type": "pty"
              }
            ],
            "coreos_ignition": null,
            "cpu": [
              {
                "mode": "custom"
              }
            ],
            "description": "",
            "disk": [
              {
                "block_device": "",
                "file": "",
                "scsi": false,
                "url": "",
                "volume_id": "/data/kvm/dev/mysql3.qcow2",
                "wwn": ""
              }
            ],
            "emulator": "/usr/bin/qemu-system-x86_64",
            "filesystem": [],
            "firmware": null,
            "fw_cfg_name": "opt/com.coreos/config",
            "graphics": [
              {
                "autoport": true,
                "listen_address": "127.0.0.1",
                "listen_type": "address",
                "type": "spice",
                "websocket": 0
              }
            ],
            "id": "73ab1070-5411-4860-880d-016d47667f72",
            "initrd": "",
            "kernel": "",
            "machine": "pc",
            "memory": 2048,
            "metadata": null,
            "name": "mysql3",
            "network_interface": [
              {
                "addresses": [],
                "bridge": "",
                "hostname": "",
                "mac": "52:54:00:AA:9F:A0",
                "macvtap": "",
                "network_id": "439f25cc-247a-4284-bff2-5ef5b67cbcbf",
                "network_name": "dev",
                "passthrough": "",
                "vepa": "",
                "wait_for_lease": false
              }
            ],
            "nvram": [],
            "qemu_agent": false,
            "running": true,
            "timeouts": null,
            "tpm": [],
            "vcpu": 2,
            "video": [],
            "xml": []
          },
          "sensitive_attributes": [],
          "private": "eyJlMmJmYjczMC1lY2FhLTExZTYtOGY4OC0zNDM2M2JjN2M0YzAiOnsiY3JlYXRlIjozMDAwMDAwMDAwMDB9fQ==",
          "dependencies": [
            "libvirt_network.dev",
            "libvirt_pool.dev-ssd",
            "libvirt_volume.mysql3"
          ]
        }
      ]
    },
    {
      "mode": "managed",
      "type": "libvirt_network",
      "name": "dev",
      "provider": "provider[\"registry.terraform.io/dmacvicar/libvirt\"]",
      "instances": [
        {
          "schema_version": 0,
          "attributes": {
            "addresses": [
              "192.168.13.0/24"
            ],
            "autostart": true,
            "bridge": "virbr3",
            "dhcp": [
              {
                "enabled": true
              }
            ],
            "dns": [
              {
                "enabled": true,
                "forwarders": [],
                "hosts": [],
                "local_only": false,
                "srvs": []
              }
            ],
            "dnsmasq_options": [],
            "domain": "rpulse.dev",
            "id": "439f25cc-247a-4284-bff2-5ef5b67cbcbf",
            "mode": "nat",
            "mtu": null,
            "name": "dev",
            "routes": [],
            "xml": []
          },
          "sensitive_attributes": [],
          "private": "bnVsbA=="
        }
      ]
    },
    {
      "mode": "managed",
      "type": "libvirt_pool",
      "name": "dev-ssd",
      "provider": "provider[\"registry.terraform.io/dmacvicar/libvirt\"]",
      "instances": [
        {
          "schema_version": 0,
          "attributes": {
            "allocation": 363079094272,
            "available": 620270977024,
            "capacity": 983350071296,
            "id": "8691c00a-9019-46d2-ac46-39a9590cc56b",
            "name": "dev-ssd",
            "path": "/data/kvm/dev",
            "type": "dir",
            "xml": []
          },
          "sensitive_attributes": [],
          "private": "bnVsbA=="
        }
      ]
    },
    {
      "mode": "managed",
      "type": "libvirt_volume",
      "name": "mysql1",
      "provider": "provider[\"registry.terraform.io/dmacvicar/libvirt\"]",
      "instances": [
        {
          "schema_version": 0,
          "attributes": {
            "base_volume_id": null,
            "base_volume_name": null,
            "base_volume_pool": null,
            "format": "qcow2",
            "id": "/data/kvm/dev/mysql1.qcow2",
            "name": "mysql1.qcow2",
            "pool": "dev-ssd",
            "size": 8589934592,
            "source": "http://192.168.11.1:4567/debian11cloud.qcow2",
            "xml": []
          },
          "sensitive_attributes": [],
          "private": "bnVsbA==",
          "dependencies": [
            "libvirt_pool.dev-ssd"
          ]
        }
      ]
    },
    {
      "mode": "managed",
      "type": "libvirt_volume",
      "name": "mysql2",
      "provider": "provider[\"registry.terraform.io/dmacvicar/libvirt\"]",
      "instances": [
        {
          "schema_version": 0,
          "attributes": {
            "base_volume_id": null,
            "base_volume_name": null,
            "base_volume_pool": null,
            "format": "qcow2",
            "id": "/data/kvm/dev/mysql2.qcow2",
            "name": "mysql2.qcow2",
            "pool": "dev-ssd",
            "size": 8589934592,
            "source": "http://192.168.11.1:4567/debian11cloud.qcow2",
            "xml": []
          },
          "sensitive_attributes": [],
          "private": "bnVsbA==",
          "dependencies": [
            "libvirt_pool.dev-ssd"
          ]
        }
      ]
    },
    {
      "mode": "managed",
      "type": "libvirt_volume",
      "name": "mysql3",
      "provider": "provider[\"registry.terraform.io/dmacvicar/libvirt\"]",
      "instances": [
        {
          "schema_version": 0,
          "attributes": {
            "base_volume_id": null,
            "base_volume_name": null,
            "base_volume_pool": null,
            "format": "qcow2",
            "id": "/data/kvm/dev/mysql3.qcow2",
            "name": "mysql3.qcow2",
            "pool": "dev-ssd",
            "size": 8589934592,
            "source": "http://192.168.11.1:4567/debian11cloud.qcow2",
            "xml": []
          },
          "sensitive_attributes": [],
          "private": "bnVsbA==",
          "dependencies": [
            "libvirt_pool.dev-ssd"
          ]
        }
      ]
    }
  ],
  "check_results": null
}
